
Microsoft Visual Studio Solution File, Format Version 12.00
# Visual Studio Version 16
VisualStudioVersion = 16.0.30114.105
MinimumVisualStudioVersion = 10.0.40219.1
Project("{FAE04EC0-301F-11D3-BF4B-00C04F79EFBC}") = "Calculadora", "Calculadora\Calculadora.csproj", "{2CCDE6F5-F32F-4628-86BC-FFE976682B1C}"
EndProject
Project("{FAE04EC0-301F-11D3-BF4B-00C04F79EFBC}") = "CalculadoraTestes", "CalculadoraTestes\CalculadoraTestes.csproj", "{D32B0A39-9A04-47ED-AC32-908427C68BAC}"
EndProject
Global
	GlobalSection(SolutionConfigurationPlatforms) = preSolution
		Debug|Any CPU = Debug|Any CPU
		Release|Any CPU = Release|Any CPU
	EndGlobalSection
	GlobalSection(SolutionProperties) = preSolution
		HideSolutionNode = FALSE
	EndGlobalSection
	GlobalSection(ProjectConfigurationPlatforms) = postSolution
		{2CCDE6F5-F32F-4628-86BC-FFE976682B1C}.Debug|Any CPU.ActiveCfg = Debug|Any CPU
		{2CCDE6F5-F32F-4628-86BC-FFE976682B1C}.Debug|Any CPU.Build.0 = Debug|Any CPU
		{2CCDE6F5-F32F-4628-86BC-FFE976682B1C}.Release|Any CPU.ActiveCfg = Release|Any CPU
		{2CCDE6F5-F32F-4628-86BC-FFE976682B1C}.Release|Any CPU.Build.0 = Release|Any CPU
		{D32B0A39-9A04-47ED-AC32-908427C68BAC}.Debug|Any CPU.ActiveCfg = Debug|Any CPU
		{D32B0A39-9A04-47ED-AC32-908427C68BAC}.Debug|Any CPU.Build.0 = Debug|Any CPU
		{D32B0A39-9A04-47ED-AC32-908427C68BAC}.Release|Any CPU.ActiveCfg = Release|Any CPU
		{D32B0A39-9A04-47ED-AC32-908427C68BAC}.Release|Any CPU.Build.0 = Release|Any CPU
	EndGlobalSection
EndGlobal
